
Microsoft Visual Studio Solution File, Format Version 12.00
# Visual Studio Version 17
VisualStudioVersion = 17.6.33723.286
MinimumVisualStudioVersion = 10.0.40219.1
Project("{FAE04EC0-301F-11D3-BF4B-00C04F79EFBC}") = "Aula19CsharpUdemy", "Aula19CsharpUdemy\Aula19CsharpUdemy.csproj", "{BBDE60CC-4F3A-4FE5-B7CD-D278A2CC6DB0}"
EndProject
Global
	GlobalSection(SolutionConfigurationPlatforms) = preSolution
		Debug|Any CPU = Debug|Any CPU
		Release|Any CPU = Release|Any CPU
	EndGlobalSection
	GlobalSection(ProjectConfigurationPlatforms) = postSolution
		{BBDE60CC-4F3A-4FE5-B7CD-D278A2CC6DB0}.Debug|Any CPU.ActiveCfg = Debug|Any CPU
		{BBDE60CC-4F3A-4FE5-B7CD-D278A2CC6DB0}.Debug|Any CPU.Build.0 = Debug|Any CPU
		{BBDE60CC-4F3A-4FE5-B7CD-D278A2CC6DB0}.Release|Any CPU.ActiveCfg = Release|Any CPU
		{BBDE60CC-4F3A-4FE5-B7CD-D278A2CC6DB0}.Release|Any CPU.Build.0 = Release|Any CPU
	EndGlobalSection
	GlobalSection(SolutionProperties) = preSolution
		HideSolutionNode = FALSE
	EndGlobalSection
	GlobalSection(ExtensibilityGlobals) = postSolution
		SolutionGuid = {96CCB7D2-D865-4D6F-B338-012E8B1884F1}
	EndGlobalSection
EndGlobal
